
Microsoft Visual Studio Solution File, Format Version 12.00
# Visual Studio 15
VisualStudioVersion = 15.0.28307.421
MinimumVisualStudioVersion = 10.0.40219.1
Project("{FAE04EC0-301F-11D3-BF4B-00C04F79EFBC}") = "Shef-Desh-String", "Shef-Desh-String\Shef-Desh-String.csproj", "{72961CD1-A550-4917-8900-E1761D595574}"
EndProject
Global
	GlobalSection(SolutionConfigurationPlatforms) = preSolution
		Debug|Any CPU = Debug|Any CPU
		Release|Any CPU = Release|Any CPU
	EndGlobalSection
	GlobalSection(ProjectConfigurationPlatforms) = postSolution
		{72961CD1-A550-4917-8900-E1761D595574}.Debug|Any CPU.ActiveCfg = Debug|Any CPU
		{72961CD1-A550-4917-8900-E1761D595574}.Debug|Any CPU.Build.0 = Debug|Any CPU
		{72961CD1-A550-4917-8900-E1761D595574}.Release|Any CPU.ActiveCfg = Release|Any CPU
		{72961CD1-A550-4917-8900-E1761D595574}.Release|Any CPU.Build.0 = Release|Any CPU
	EndGlobalSection
	GlobalSection(SolutionProperties) = preSolution
		HideSolutionNode = FALSE
	EndGlobalSection
	GlobalSection(ExtensibilityGlobals) = postSolution
		SolutionGuid = {F8BB600A-CACF-44FE-9B72-D8F490C20A0E}
	EndGlobalSection
EndGlobal
